
Microsoft Visual Studio Solution File, Format Version 12.00
# Visual Studio Version 17
VisualStudioVersion = 17.5.002.0
MinimumVisualStudioVersion = 10.0.40219.1
Project("{9A19103F-16F7-4668-BE54-9A1E7A4F7556}") = "Library", "Library\Library.csproj", "{AB992D94-CD8B-4B56-9100-6136EA76B810}"
EndProject
Project("{9A19103F-16F7-4668-BE54-9A1E7A4F7556}") = "Program", "Program\Program.csproj", "{0F20BDB2-03E9-48B5-BA2B-913529A3F640}"
EndProject
Global
	GlobalSection(SolutionConfigurationPlatforms) = preSolution
		Debug|Any CPU = Debug|Any CPU
		Release|Any CPU = Release|Any CPU
	EndGlobalSection
	GlobalSection(ProjectConfigurationPlatforms) = postSolution
		{AB992D94-CD8B-4B56-9100-6136EA76B810}.Debug|Any CPU.ActiveCfg = Debug|Any CPU
		{AB992D94-CD8B-4B56-9100-6136EA76B810}.Debug|Any CPU.Build.0 = Debug|Any CPU
		{AB992D94-CD8B-4B56-9100-6136EA76B810}.Release|Any CPU.ActiveCfg = Release|Any CPU
		{AB992D94-CD8B-4B56-9100-6136EA76B810}.Release|Any CPU.Build.0 = Release|Any CPU
		{0F20BDB2-03E9-48B5-BA2B-913529A3F640}.Debug|Any CPU.ActiveCfg = Debug|Any CPU
		{0F20BDB2-03E9-48B5-BA2B-913529A3F640}.Debug|Any CPU.Build.0 = Debug|Any CPU
		{0F20BDB2-03E9-48B5-BA2B-913529A3F640}.Release|Any CPU.ActiveCfg = Release|Any CPU
		{0F20BDB2-03E9-48B5-BA2B-913529A3F640}.Release|Any CPU.Build.0 = Release|Any CPU
	EndGlobalSection
	GlobalSection(SolutionProperties) = preSolution
		HideSolutionNode = FALSE
	EndGlobalSection
	GlobalSection(ExtensibilityGlobals) = postSolution
		SolutionGuid = {93FCCE79-4AB7-46E1-9AF6-4DEF83553B26}
	EndGlobalSection
EndGlobal
